
Microsoft Visual Studio Solution File, Format Version 12.00
# Visual Studio Version 17
VisualStudioVersion = 17.5.002.0
MinimumVisualStudioVersion = 10.0.40219.1
Project("{9A19103F-16F7-4668-BE54-9A1E7A4F7556}") = "barberdotnet", "barberdotnet.csproj", "{21A67D57-2A46-42A4-ACD7-B579DC2AA04B}"
EndProject
Global
	GlobalSection(SolutionConfigurationPlatforms) = preSolution
		Debug|Any CPU = Debug|Any CPU
		Release|Any CPU = Release|Any CPU
	EndGlobalSection
	GlobalSection(ProjectConfigurationPlatforms) = postSolution
		{21A67D57-2A46-42A4-ACD7-B579DC2AA04B}.Debug|Any CPU.ActiveCfg = Debug|Any CPU
		{21A67D57-2A46-42A4-ACD7-B579DC2AA04B}.Debug|Any CPU.Build.0 = Debug|Any CPU
		{21A67D57-2A46-42A4-ACD7-B579DC2AA04B}.Release|Any CPU.ActiveCfg = Release|Any CPU
		{21A67D57-2A46-42A4-ACD7-B579DC2AA04B}.Release|Any CPU.Build.0 = Release|Any CPU
	EndGlobalSection
	GlobalSection(SolutionProperties) = preSolution
		HideSolutionNode = FALSE
	EndGlobalSection
	GlobalSection(ExtensibilityGlobals) = postSolution
		SolutionGuid = {542AFC53-98C9-4E2F-AFC8-7A89C2136AB1}
	EndGlobalSection
EndGlobal
